{
  "name": "back-js-course",
  "lockfileVersion": 2,
  "requires": true,
  "packages": {
    "": {
      "dependencies": {
        "yesql": "^5.0.0"
      }
    },
    "node_modules/yesql": {
      "version": "5.0.0",
      "resolved": "https://registry.npmjs.org/yesql/-/yesql-5.0.0.tgz",
      "integrity": "sha512-ua4Ok0hv6Q+KPn2oJrGNRfsubYnKPLJAt6kvawG6Aqb6yg4Cm1T2JIBveFNx0aDhCIansNVq/9MFzuvmNdnJnw=="
    }
  },
  "dependencies": {
    "yesql": {
      "version": "5.0.0",
      "resolved": "https://registry.npmjs.org/yesql/-/yesql-5.0.0.tgz",
      "integrity": "sha512-ua4Ok0hv6Q+KPn2oJrGNRfsubYnKPLJAt6kvawG6Aqb6yg4Cm1T2JIBveFNx0aDhCIansNVq/9MFzuvmNdnJnw=="
    }
  }
}
