{
  "name": "2.3",
  "version": "1.0.0",
  "lockfileVersion": 2,
  "requires": true,
  "packages": {
    "": {
      "name": "2.3",
      "version": "1.0.0",
      "license": "ISC",
      "dependencies": {
        "@types/http-server": "^0.12.1"
      },
      "devDependencies": {
        "@types/node": "^17.0.34"
      }
    },
    "node_modules/@types/connect": {
      "version": "3.4.35",
      "resolved": "https://registry.npmjs.org/@types/connect/-/connect-3.4.35.tgz",
      "integrity": "sha512-cdeYyv4KWoEgpBISTxWvqYsVy444DOqehiF3fM3ne10AmJ62RSyNkUnxMJXHQWRQQX2eR94m5y1IZyDwBjV9FQ==",
      "dependencies": {
        "@types/node": "*"
      }
    },
    "node_modules/@types/http-server": {
      "version": "0.12.1",
      "resolved": "https://registry.npmjs.org/@types/http-server/-/http-server-0.12.1.tgz",
      "integrity": "sha512-OJ8zs0o8JuHo92KCCsLq4BqkHPi1+Aj2yoPQXJ18LPUxOA1lqKfgBLtHNAQTwwPzeBqyo+HDkWD91MkfOGvNJg==",
      "dependencies": {
        "@types/connect": "*"
      }
    },
    "node_modules/@types/node": {
      "version": "17.0.34",
      "resolved": "https://registry.npmjs.org/@types/node/-/node-17.0.34.tgz",
      "integrity": "sha512-XImEz7XwTvDBtzlTnm8YvMqGW/ErMWBsKZ+hMTvnDIjGCKxwK5Xpc+c/oQjOauwq8M4OS11hEkpjX8rrI/eEgA=="
    }
  },
  "dependencies": {
    "@types/connect": {
      "version": "3.4.35",
      "resolved": "https://registry.npmjs.org/@types/connect/-/connect-3.4.35.tgz",
      "integrity": "sha512-cdeYyv4KWoEgpBISTxWvqYsVy444DOqehiF3fM3ne10AmJ62RSyNkUnxMJXHQWRQQX2eR94m5y1IZyDwBjV9FQ==",
      "requires": {
        "@types/node": "*"
      }
    },
    "@types/http-server": {
      "version": "0.12.1",
      "resolved": "https://registry.npmjs.org/@types/http-server/-/http-server-0.12.1.tgz",
      "integrity": "sha512-OJ8zs0o8JuHo92KCCsLq4BqkHPi1+Aj2yoPQXJ18LPUxOA1lqKfgBLtHNAQTwwPzeBqyo+HDkWD91MkfOGvNJg==",
      "requires": {
        "@types/connect": "*"
      }
    },
    "@types/node": {
      "version": "17.0.34",
      "resolved": "https://registry.npmjs.org/@types/node/-/node-17.0.34.tgz",
      "integrity": "sha512-XImEz7XwTvDBtzlTnm8YvMqGW/ErMWBsKZ+hMTvnDIjGCKxwK5Xpc+c/oQjOauwq8M4OS11hEkpjX8rrI/eEgA=="
    }
  }
}
